
Microsoft Visual Studio Solution File, Format Version 12.00
# Visual Studio 15
VisualStudioVersion = 15.0.28307.102
MinimumVisualStudioVersion = 10.0.40219.1
Project("{9A19103F-16F7-4668-BE54-9A1E7A4F7556}") = "Clustering.IrisCluster", "Clustering.IrisCluster\Clustering.IrisCluster.csproj", "{6E420A01-AABA-48D9-978E-6E5106F0E5B2}"
EndProject
Project("{9A19103F-16F7-4668-BE54-9A1E7A4F7556}") = "Classification.IrisClassifier", "Classification.IrisClassifier\Classification.IrisClassifier.csproj", "{BA53C268-6996-424E-BCF3-846DC2DE28D4}"
EndProject
Project("{9A19103F-16F7-4668-BE54-9A1E7A4F7556}") = "Classification.SentimentAnalysis", "Classification.SentimentAnalysis\Classification.SentimentAnalysis.csproj", "{938945BF-EF8A-468D-B7C5-86836879C1BB}"
EndProject
Project("{9A19103F-16F7-4668-BE54-9A1E7A4F7556}") = "ML.Common", "ML.Common\ML.Common.csproj", "{B91E0FFD-131C-4F92-A0CC-B1D75393E076}"
EndProject
Project("{9A19103F-16F7-4668-BE54-9A1E7A4F7556}") = "Classification.SpamDetection", "Classification.SpamDetection\Classification.SpamDetection.csproj", "{01FB4374-A009-4D0D-92EE-A47D79057C4E}"
EndProject
Project("{9A19103F-16F7-4668-BE54-9A1E7A4F7556}") = "Classification.GithubIssueClassifer", "Classification.GithubIssueClassifer\Classification.GithubIssueClassifer.csproj", "{F9B7BBEE-FA18-4ADF-AECF-851818A4A23F}"
EndProject
Project("{FAE04EC0-301F-11D3-BF4B-00C04F79EFBC}") = "Regression.SalaryPredictor", "Regression.SalaryPredictor\Regression.SalaryPredictor.csproj", "{2EFF300A-9F48-494B-8B54-CEE467E7E3A6}"
EndProject
Project("{FAE04EC0-301F-11D3-BF4B-00C04F79EFBC}") = "Regression.DiamondPricePredictor", "Regression.DiamondPricePredictor\Regression.DiamondPricePredictor.csproj", "{2E309105-8DF2-4DC0-B5BA-10FC059CF347}"
EndProject
Global
	GlobalSection(SolutionConfigurationPlatforms) = preSolution
		Debug|Any CPU = Debug|Any CPU
		Release|Any CPU = Release|Any CPU
	EndGlobalSection
	GlobalSection(ProjectConfigurationPlatforms) = postSolution
		{6E420A01-AABA-48D9-978E-6E5106F0E5B2}.Debug|Any CPU.ActiveCfg = Debug|Any CPU
		{6E420A01-AABA-48D9-978E-6E5106F0E5B2}.Debug|Any CPU.Build.0 = Debug|Any CPU
		{6E420A01-AABA-48D9-978E-6E5106F0E5B2}.Release|Any CPU.ActiveCfg = Release|Any CPU
		{6E420A01-AABA-48D9-978E-6E5106F0E5B2}.Release|Any CPU.Build.0 = Release|Any CPU
		{BA53C268-6996-424E-BCF3-846DC2DE28D4}.Debug|Any CPU.ActiveCfg = Debug|Any CPU
		{BA53C268-6996-424E-BCF3-846DC2DE28D4}.Debug|Any CPU.Build.0 = Debug|Any CPU
		{BA53C268-6996-424E-BCF3-846DC2DE28D4}.Release|Any CPU.ActiveCfg = Release|Any CPU
		{BA53C268-6996-424E-BCF3-846DC2DE28D4}.Release|Any CPU.Build.0 = Release|Any CPU
		{938945BF-EF8A-468D-B7C5-86836879C1BB}.Debug|Any CPU.ActiveCfg = Debug|Any CPU
		{938945BF-EF8A-468D-B7C5-86836879C1BB}.Debug|Any CPU.Build.0 = Debug|Any CPU
		{938945BF-EF8A-468D-B7C5-86836879C1BB}.Release|Any CPU.ActiveCfg = Release|Any CPU
		{938945BF-EF8A-468D-B7C5-86836879C1BB}.Release|Any CPU.Build.0 = Release|Any CPU
		{B91E0FFD-131C-4F92-A0CC-B1D75393E076}.Debug|Any CPU.ActiveCfg = Debug|Any CPU
		{B91E0FFD-131C-4F92-A0CC-B1D75393E076}.Debug|Any CPU.Build.0 = Debug|Any CPU
		{B91E0FFD-131C-4F92-A0CC-B1D75393E076}.Release|Any CPU.ActiveCfg = Release|Any CPU
		{B91E0FFD-131C-4F92-A0CC-B1D75393E076}.Release|Any CPU.Build.0 = Release|Any CPU
		{01FB4374-A009-4D0D-92EE-A47D79057C4E}.Debug|Any CPU.ActiveCfg = Debug|Any CPU
		{01FB4374-A009-4D0D-92EE-A47D79057C4E}.Debug|Any CPU.Build.0 = Debug|Any CPU
		{01FB4374-A009-4D0D-92EE-A47D79057C4E}.Release|Any CPU.ActiveCfg = Release|Any CPU
		{01FB4374-A009-4D0D-92EE-A47D79057C4E}.Release|Any CPU.Build.0 = Release|Any CPU
		{F9B7BBEE-FA18-4ADF-AECF-851818A4A23F}.Debug|Any CPU.ActiveCfg = Debug|Any CPU
		{F9B7BBEE-FA18-4ADF-AECF-851818A4A23F}.Debug|Any CPU.Build.0 = Debug|Any CPU
		{F9B7BBEE-FA18-4ADF-AECF-851818A4A23F}.Release|Any CPU.ActiveCfg = Release|Any CPU
		{F9B7BBEE-FA18-4ADF-AECF-851818A4A23F}.Release|Any CPU.Build.0 = Release|Any CPU
		{2EFF300A-9F48-494B-8B54-CEE467E7E3A6}.Debug|Any CPU.ActiveCfg = Debug|Any CPU
		{2EFF300A-9F48-494B-8B54-CEE467E7E3A6}.Debug|Any CPU.Build.0 = Debug|Any CPU
		{2EFF300A-9F48-494B-8B54-CEE467E7E3A6}.Release|Any CPU.ActiveCfg = Release|Any CPU
		{2EFF300A-9F48-494B-8B54-CEE467E7E3A6}.Release|Any CPU.Build.0 = Release|Any CPU
		{2E309105-8DF2-4DC0-B5BA-10FC059CF347}.Debug|Any CPU.ActiveCfg = Debug|Any CPU
		{2E309105-8DF2-4DC0-B5BA-10FC059CF347}.Debug|Any CPU.Build.0 = Debug|Any CPU
		{2E309105-8DF2-4DC0-B5BA-10FC059CF347}.Release|Any CPU.ActiveCfg = Release|Any CPU
		{2E309105-8DF2-4DC0-B5BA-10FC059CF347}.Release|Any CPU.Build.0 = Release|Any CPU
	EndGlobalSection
	GlobalSection(SolutionProperties) = preSolution
		HideSolutionNode = FALSE
	EndGlobalSection
	GlobalSection(ExtensibilityGlobals) = postSolution
		SolutionGuid = {FAAA6C92-5306-4EA7-91C6-F02E7BB1E59A}
	EndGlobalSection
EndGlobal
